
Microsoft Visual Studio Solution File, Format Version 12.00
# Visual Studio 15
VisualStudioVersion = 15.0.28307.438
MinimumVisualStudioVersion = 10.0.40219.1
Project("{FAE04EC0-301F-11D3-BF4B-00C04F79EFBC}") = "ClassLibrary1", "ClassLibrary1\ClassLibrary1.csproj", "{E8A14699-D558-48AF-A39E-ED90D6608280}"
EndProject
Project("{FAE04EC0-301F-11D3-BF4B-00C04F79EFBC}") = "Test", "Test\Test.csproj", "{1AB80D8E-27D1-4013-9D0F-30F7A34F400C}"
EndProject
Global
	GlobalSection(SolutionConfigurationPlatforms) = preSolution
		Debug|Any CPU = Debug|Any CPU
		Release|Any CPU = Release|Any CPU
	EndGlobalSection
	GlobalSection(ProjectConfigurationPlatforms) = postSolution
		{E8A14699-D558-48AF-A39E-ED90D6608280}.Debug|Any CPU.ActiveCfg = Debug|Any CPU
		{E8A14699-D558-48AF-A39E-ED90D6608280}.Debug|Any CPU.Build.0 = Debug|Any CPU
		{E8A14699-D558-48AF-A39E-ED90D6608280}.Release|Any CPU.ActiveCfg = Release|Any CPU
		{E8A14699-D558-48AF-A39E-ED90D6608280}.Release|Any CPU.Build.0 = Release|Any CPU
		{1AB80D8E-27D1-4013-9D0F-30F7A34F400C}.Debug|Any CPU.ActiveCfg = Debug|Any CPU
		{1AB80D8E-27D1-4013-9D0F-30F7A34F400C}.Debug|Any CPU.Build.0 = Debug|Any CPU
		{1AB80D8E-27D1-4013-9D0F-30F7A34F400C}.Release|Any CPU.ActiveCfg = Release|Any CPU
		{1AB80D8E-27D1-4013-9D0F-30F7A34F400C}.Release|Any CPU.Build.0 = Release|Any CPU
	EndGlobalSection
	GlobalSection(SolutionProperties) = preSolution
		HideSolutionNode = FALSE
	EndGlobalSection
	GlobalSection(ExtensibilityGlobals) = postSolution
		SolutionGuid = {7585A028-1476-4D0A-A0CF-5FF1939D2C45}
	EndGlobalSection
EndGlobal
